
Microsoft Visual Studio Solution File, Format Version 12.00
# Visual Studio Version 17
VisualStudioVersion = 17.11.35303.130
MinimumVisualStudioVersion = 10.0.40219.1
Project("{FAE04EC0-301F-11D3-BF4B-00C04F79EFBC}") = "Book_Manager", "Book_Manager.csproj", "{7598D91C-84D5-4603-8C1F-D0E8489BD169}"
EndProject
Global
	GlobalSection(SolutionConfigurationPlatforms) = preSolution
		Debug|Any CPU = Debug|Any CPU
		Release|Any CPU = Release|Any CPU
	EndGlobalSection
	GlobalSection(ProjectConfigurationPlatforms) = postSolution
		{7598D91C-84D5-4603-8C1F-D0E8489BD169}.Debug|Any CPU.ActiveCfg = Debug|Any CPU
		{7598D91C-84D5-4603-8C1F-D0E8489BD169}.Debug|Any CPU.Build.0 = Debug|Any CPU
		{7598D91C-84D5-4603-8C1F-D0E8489BD169}.Release|Any CPU.ActiveCfg = Release|Any CPU
		{7598D91C-84D5-4603-8C1F-D0E8489BD169}.Release|Any CPU.Build.0 = Release|Any CPU
	EndGlobalSection
	GlobalSection(SolutionProperties) = preSolution
		HideSolutionNode = FALSE
	EndGlobalSection
	GlobalSection(ExtensibilityGlobals) = postSolution
		SolutionGuid = {5A183209-3C71-4B42-9D88-BFD117447986}
	EndGlobalSection
EndGlobal
